
Microsoft Visual Studio Solution File, Format Version 12.00
# Visual Studio 15
VisualStudioVersion = 15.0.28010.2046
MinimumVisualStudioVersion = 10.0.40219.1
Project("{FAE04EC0-301F-11D3-BF4B-00C04F79EFBC}") = "Graph_Lab_5", "Graph_Lab_5\Graph_Lab_5.csproj", "{CCD97A23-13F3-424F-875F-B43DCAA75106}"
EndProject
Global
	GlobalSection(SolutionConfigurationPlatforms) = preSolution
		Debug|Any CPU = Debug|Any CPU
		Release|Any CPU = Release|Any CPU
	EndGlobalSection
	GlobalSection(ProjectConfigurationPlatforms) = postSolution
		{CCD97A23-13F3-424F-875F-B43DCAA75106}.Debug|Any CPU.ActiveCfg = Debug|Any CPU
		{CCD97A23-13F3-424F-875F-B43DCAA75106}.Debug|Any CPU.Build.0 = Debug|Any CPU
		{CCD97A23-13F3-424F-875F-B43DCAA75106}.Release|Any CPU.ActiveCfg = Release|Any CPU
		{CCD97A23-13F3-424F-875F-B43DCAA75106}.Release|Any CPU.Build.0 = Release|Any CPU
	EndGlobalSection
	GlobalSection(SolutionProperties) = preSolution
		HideSolutionNode = FALSE
	EndGlobalSection
	GlobalSection(ExtensibilityGlobals) = postSolution
		SolutionGuid = {E40DB4FB-ADE6-4F4E-BAD0-7C615E3DF8C1}
	EndGlobalSection
EndGlobal
